
Microsoft Visual Studio Solution File, Format Version 12.00
# Visual Studio Version 16
VisualStudioVersion = 16.0.31613.86
MinimumVisualStudioVersion = 10.0.40219.1
Project("{FAE04EC0-301F-11D3-BF4B-00C04F79EFBC}") = "Test", "Test\Test.csproj", "{3AE0EF60-2887-4B53-AA52-67AC66823480}"
EndProject
Project("{FAE04EC0-301F-11D3-BF4B-00C04F79EFBC}") = "WindowsFormsApp1", "WindowsFormsApp1\WindowsFormsApp1.csproj", "{5DE53F4D-E0D9-4FEC-B8FF-658A42805EF8}"
EndProject
Global
	GlobalSection(SolutionConfigurationPlatforms) = preSolution
		Debug|Any CPU = Debug|Any CPU
		Release|Any CPU = Release|Any CPU
	EndGlobalSection
	GlobalSection(ProjectConfigurationPlatforms) = postSolution
		{3AE0EF60-2887-4B53-AA52-67AC66823480}.Debug|Any CPU.ActiveCfg = Debug|Any CPU
		{3AE0EF60-2887-4B53-AA52-67AC66823480}.Debug|Any CPU.Build.0 = Debug|Any CPU
		{3AE0EF60-2887-4B53-AA52-67AC66823480}.Release|Any CPU.ActiveCfg = Release|Any CPU
		{3AE0EF60-2887-4B53-AA52-67AC66823480}.Release|Any CPU.Build.0 = Release|Any CPU
		{5DE53F4D-E0D9-4FEC-B8FF-658A42805EF8}.Debug|Any CPU.ActiveCfg = Debug|Any CPU
		{5DE53F4D-E0D9-4FEC-B8FF-658A42805EF8}.Debug|Any CPU.Build.0 = Debug|Any CPU
		{5DE53F4D-E0D9-4FEC-B8FF-658A42805EF8}.Release|Any CPU.ActiveCfg = Release|Any CPU
		{5DE53F4D-E0D9-4FEC-B8FF-658A42805EF8}.Release|Any CPU.Build.0 = Release|Any CPU
	EndGlobalSection
	GlobalSection(SolutionProperties) = preSolution
		HideSolutionNode = FALSE
	EndGlobalSection
	GlobalSection(ExtensibilityGlobals) = postSolution
		SolutionGuid = {70E3B794-2E99-4D74-81A5-18E8550D0C4F}
	EndGlobalSection
EndGlobal
