
Microsoft Visual Studio Solution File, Format Version 12.00
# Visual Studio Version 16
VisualStudioVersion = 16.0.31613.86
MinimumVisualStudioVersion = 10.0.40219.1
Project("{FAE04EC0-301F-11D3-BF4B-00C04F79EFBC}") = "Lab04_01_02_03", "Lab04_01_02\Lab04_01_02_03.csproj", "{A862360E-2E45-44CF-A95B-932B413543B1}"
EndProject
Project("{FAE04EC0-301F-11D3-BF4B-00C04F79EFBC}") = "Lab04_04", "Lab04_04\Lab04_04.csproj", "{7D7B1425-3FEA-4222-99A0-70E914EA036D}"
EndProject
Global
	GlobalSection(SolutionConfigurationPlatforms) = preSolution
		Debug|Any CPU = Debug|Any CPU
		Release|Any CPU = Release|Any CPU
	EndGlobalSection
	GlobalSection(ProjectConfigurationPlatforms) = postSolution
		{A862360E-2E45-44CF-A95B-932B413543B1}.Debug|Any CPU.ActiveCfg = Debug|Any CPU
		{A862360E-2E45-44CF-A95B-932B413543B1}.Debug|Any CPU.Build.0 = Debug|Any CPU
		{A862360E-2E45-44CF-A95B-932B413543B1}.Release|Any CPU.ActiveCfg = Release|Any CPU
		{A862360E-2E45-44CF-A95B-932B413543B1}.Release|Any CPU.Build.0 = Release|Any CPU
		{7D7B1425-3FEA-4222-99A0-70E914EA036D}.Debug|Any CPU.ActiveCfg = Debug|Any CPU
		{7D7B1425-3FEA-4222-99A0-70E914EA036D}.Debug|Any CPU.Build.0 = Debug|Any CPU
		{7D7B1425-3FEA-4222-99A0-70E914EA036D}.Release|Any CPU.ActiveCfg = Release|Any CPU
		{7D7B1425-3FEA-4222-99A0-70E914EA036D}.Release|Any CPU.Build.0 = Release|Any CPU
	EndGlobalSection
	GlobalSection(SolutionProperties) = preSolution
		HideSolutionNode = FALSE
	EndGlobalSection
	GlobalSection(ExtensibilityGlobals) = postSolution
		SolutionGuid = {4AAB4BF9-84A4-486C-8475-A2A5C616E427}
	EndGlobalSection
EndGlobal
