
Microsoft Visual Studio Solution File, Format Version 12.00
# Visual Studio Version 16
VisualStudioVersion = 16.0.31613.86
MinimumVisualStudioVersion = 10.0.40219.1
Project("{FAE04EC0-301F-11D3-BF4B-00C04F79EFBC}") = "1911066165_DangPhuocKhoa", "1911066165_DangPhuocKhoa\1911066165_DangPhuocKhoa.csproj", "{37773501-E4C4-4B96-A204-C1705B78986B}"
EndProject
Global
	GlobalSection(SolutionConfigurationPlatforms) = preSolution
		Debug|Any CPU = Debug|Any CPU
		Release|Any CPU = Release|Any CPU
	EndGlobalSection
	GlobalSection(ProjectConfigurationPlatforms) = postSolution
		{37773501-E4C4-4B96-A204-C1705B78986B}.Debug|Any CPU.ActiveCfg = Debug|Any CPU
		{37773501-E4C4-4B96-A204-C1705B78986B}.Debug|Any CPU.Build.0 = Debug|Any CPU
		{37773501-E4C4-4B96-A204-C1705B78986B}.Release|Any CPU.ActiveCfg = Release|Any CPU
		{37773501-E4C4-4B96-A204-C1705B78986B}.Release|Any CPU.Build.0 = Release|Any CPU
	EndGlobalSection
	GlobalSection(SolutionProperties) = preSolution
		HideSolutionNode = FALSE
	EndGlobalSection
	GlobalSection(ExtensibilityGlobals) = postSolution
		SolutionGuid = {2FFF600B-E6DB-4141-B565-C8870A4EBA98}
	EndGlobalSection
EndGlobal
